// !$*UTF8*$!
{
	archiveVersion = 1;
	classes = {
	};
	objectVersion = 54;
	objects = {

/* Begin PBXBuildFile section */
		00E356F31AD99517003FC87E /* ObjectsCounterTests.m in Sources */ = {isa = PBXBuildFile; fileRef = 00E356F21AD99517003FC87E /* ObjectsCounterTests.m */; };
		0C80B921A6F3F58F76C31292 /* libPods-ObjectsCounter.a in Frameworks */ = {isa = PBXBuildFile; fileRef = 5DCACB8F33CDC322A6C60F78 /* libPods-ObjectsCounter.a */; };
		13B07FBC1A68108700A75B9A /* AppDelegate.mm in Sources */ = {isa = PBXBuildFile; fileRef = 13B07FB01A68108700A75B9A /* AppDelegate.mm */; };
		13B07FBF1A68108700A75B9A /* Images.xcassets in Resources */ = {isa = PBXBuildFile; fileRef = 13B07FB51A68108700A75B9A /* Images.xcassets */; };
		13B07FC11A68108700A75B9A /* main.m in Sources */ = {isa = PBXBuildFile; fileRef = 13B07FB71A68108700A75B9A /* main.m */; };
		172706A5174742E9BBB622BC /* Caveat-Regular.ttf in Resources */ = {isa = PBXBuildFile; fileRef = 1812E2C1ED4042E9A37C86A4 /* Caveat-Regular.ttf */; };
		191E6A1E7A19469CAA5A8B31 /* Montserrat-SemiBold.ttf in Resources */ = {isa = PBXBuildFile; fileRef = 0ED10CAD8D214BB999CA0035 /* Montserrat-SemiBold.ttf */; };
		1A91BD5A3B954F90B6A2E849 /* DancingScript-SemiBold.ttf in Resources */ = {isa = PBXBuildFile; fileRef = B9658B2ABDBC4AFEACBFE39E /* DancingScript-SemiBold.ttf */; };
		22EFC9C766CF413D9EC8418E /* Poppins-Bold.ttf in Resources */ = {isa = PBXBuildFile; fileRef = 392EA882D06845F29A635FC6 /* Poppins-Bold.ttf */; };
		28ADDDB3BE7C457FA050141A /* IndieFlower-Regular.ttf in Resources */ = {isa = PBXBuildFile; fileRef = 7A82AF5BCB3E4DBB994F7B7E /* IndieFlower-Regular.ttf */; };
		3E68297C9A0747B7A323F857 /* Caveat-Medium.ttf in Resources */ = {isa = PBXBuildFile; fileRef = 48F1B39BDE12457A96F777A7 /* Caveat-Medium.ttf */; };
		487751CF530B4FD0AD49CEDC /* TiltNeon-Regular.ttf in Resources */ = {isa = PBXBuildFile; fileRef = F3C86D0162FC44F1BE959E72 /* TiltNeon-Regular.ttf */; };
		4F00D79580D448EC9D99BEB6 /* Montserrat-Bold.ttf in Resources */ = {isa = PBXBuildFile; fileRef = 75405F3BD4B344059CF1E153 /* Montserrat-Bold.ttf */; };
		5426C9BBA6A046FD856DF80F /* Roboto-Bold.ttf in Resources */ = {isa = PBXBuildFile; fileRef = EAD5CED828254ADDBB1F74E4 /* Roboto-Bold.ttf */; };
		572F800790C545CDA549D593 /* DancingScript-Bold.ttf in Resources */ = {isa = PBXBuildFile; fileRef = 81BA6A107C9F4C758265F53C /* DancingScript-Bold.ttf */; };
		65E2D9FE43EB41F0995019CE /* Montserrat-Regular.ttf in Resources */ = {isa = PBXBuildFile; fileRef = 5110F28FFEA044DC88445BCE /* Montserrat-Regular.ttf */; };
		663CA0CFE1CF4B58AEBEF6B2 /* Poppins-SemiBold.ttf in Resources */ = {isa = PBXBuildFile; fileRef = F9919E6894FB48CEA013D1A3 /* Poppins-SemiBold.ttf */; };
		6A346AD4638943D6AD0C4F26 /* DancingScript-Regular.ttf in Resources */ = {isa = PBXBuildFile; fileRef = 087405E7B79B41F5B8D6820A /* DancingScript-Regular.ttf */; };
		707C985B60164CC787D53CC5 /* Roboto-Regular.ttf in Resources */ = {isa = PBXBuildFile; fileRef = 500F6A5D0CBE4350A4A317FA /* Roboto-Regular.ttf */; };
		72DFA3DBAE104A4982A9E837 /* PermanentMarker-Regular.ttf in Resources */ = {isa = PBXBuildFile; fileRef = 49DD5D496AA147CCB71950E8 /* PermanentMarker-Regular.ttf */; };
		75B51F8ADE454EB3AA11BD4B /* MontserratAlternates-Italic.ttf in Resources */ = {isa = PBXBuildFile; fileRef = FCBF9092EBF94227BAFD78BA /* MontserratAlternates-Italic.ttf */; };
		7699B88040F8A987B510C191 /* libPods-ObjectsCounter-ObjectsCounterTests.a in Frameworks */ = {isa = PBXBuildFile; fileRef = 19F6CBCC0A4E27FBF8BF4A61 /* libPods-ObjectsCounter-ObjectsCounterTests.a */; };
		7C6A45A55B0C4750931CE6C3 /* Pacifico-Regular.ttf in Resources */ = {isa = PBXBuildFile; fileRef = 1B0CB871A0B147C68EA7C686 /* Pacifico-Regular.ttf */; };
		81AB9BB82411601600AC10FF /* LaunchScreen.storyboard in Resources */ = {isa = PBXBuildFile; fileRef = 81AB9BB72411601600AC10FF /* LaunchScreen.storyboard */; };
		9437E32BE344437CB84FBC43 /* CroissantOne-Regular.ttf in Resources */ = {isa = PBXBuildFile; fileRef = 222FCE5384994FA695549385 /* CroissantOne-Regular.ttf */; };
		96AB7D8F50604D2BB2292AD6 /* Oswald-SemiBold.ttf in Resources */ = {isa = PBXBuildFile; fileRef = E0F455D82900461FBAED8289 /* Oswald-SemiBold.ttf */; };
		A0BF2C5E268B4369B1BC7B3C /* Oswald-Regular.ttf in Resources */ = {isa = PBXBuildFile; fileRef = 1DC760307663495CBCD753C4 /* Oswald-Regular.ttf */; };
		A577AA9C7BF340ED9F41851F /* Caveat-Bold.ttf in Resources */ = {isa = PBXBuildFile; fileRef = 4FC83A685CD04190AA57F914 /* Caveat-Bold.ttf */; };
		A7EBBEFA0DB2490DBD4880BF /* Montserrat-LightItalic.ttf in Resources */ = {isa = PBXBuildFile; fileRef = 01C9A778826142E192E3FF66 /* Montserrat-LightItalic.ttf */; };
		AB076199E4C5461DBA26DC2C /* Oswald-Bold.ttf in Resources */ = {isa = PBXBuildFile; fileRef = 56EBBCA92AEC48828D70B694 /* Oswald-Bold.ttf */; };
		BABD95602A9B4DC38C26CDCC /* Roboto-ThinItalic.ttf in Resources */ = {isa = PBXBuildFile; fileRef = D029E6A862174E1F80ADDA3D /* Roboto-ThinItalic.ttf */; };
		BED96BE9FD044446A9F7375A /* MontserratAlternates-SemiBold.ttf in Resources */ = {isa = PBXBuildFile; fileRef = 074150CE18F7416A9B3A4337 /* MontserratAlternates-SemiBold.ttf */; };
		C088964FF1314FCF9A69D714 /* Poppins-Regular.ttf in Resources */ = {isa = PBXBuildFile; fileRef = F183D2D5C7D74F18A0C4B4DB /* Poppins-Regular.ttf */; };
		D63DC2AFB0204DEC9A80E7CE /* Caveat-SemiBold.ttf in Resources */ = {isa = PBXBuildFile; fileRef = 1BCAFBAE85A14C3E801D4525 /* Caveat-SemiBold.ttf */; };
		D6D55C826EBC4211BBA48EA3 /* DancingScript-Medium.ttf in Resources */ = {isa = PBXBuildFile; fileRef = 24D31E6FF27A428B8E0E6236 /* DancingScript-Medium.ttf */; };
		D9860668EAF44ADFA4975E04 /* Fuggles-Regular.ttf in Resources */ = {isa = PBXBuildFile; fileRef = 252EB970A122479199F68967 /* Fuggles-Regular.ttf */; };
		E0A348775A9E44AF8CB96B13 /* Montserrat-Italic.ttf in Resources */ = {isa = PBXBuildFile; fileRef = 43D9B1C2077F49CF92A11225 /* Montserrat-Italic.ttf */; };
		E56CC085ECD64997BC7BFC70 /* MontserratAlternates-Regular.ttf in Resources */ = {isa = PBXBuildFile; fileRef = F2A4FF776ED34978A12A60F6 /* MontserratAlternates-Regular.ttf */; };
		E96EC95FCD3146CF9F3A4A4A /* Kenia-Regular.ttf in Resources */ = {isa = PBXBuildFile; fileRef = CAA7AF4628284E64A2B9EA9E /* Kenia-Regular.ttf */; };
		FB1D2FFE9C264747B22E88AB /* Montserrat-BoldItalic.ttf in Resources */ = {isa = PBXBuildFile; fileRef = 54C3C113BA28448C8D83BA6A /* Montserrat-BoldItalic.ttf */; };
/* End PBXBuildFile section */

/* Begin PBXContainerItemProxy section */
		00E356F41AD99517003FC87E /* PBXContainerItemProxy */ = {
			isa = PBXContainerItemProxy;
			containerPortal = 83CBB9F71A601CBA00E9B192 /* Project object */;
			proxyType = 1;
			remoteGlobalIDString = 13B07F861A680F5B00A75B9A;
			remoteInfo = ObjectsCounter;
		};
/* End PBXContainerItemProxy section */

/* Begin PBXFileReference section */
		00E356EE1AD99517003FC87E /* ObjectsCounterTests.xctest */ = {isa = PBXFileReference; explicitFileType = wrapper.cfbundle; includeInIndex = 0; path = ObjectsCounterTests.xctest; sourceTree = BUILT_PRODUCTS_DIR; };
		00E356F11AD99517003FC87E /* Info.plist */ = {isa = PBXFileReference; lastKnownFileType = text.plist.xml; path = Info.plist; sourceTree = "<group>"; };
		00E356F21AD99517003FC87E /* ObjectsCounterTests.m */ = {isa = PBXFileReference; lastKnownFileType = sourcecode.c.objc; path = ObjectsCounterTests.m; sourceTree = "<group>"; };
		01C9A778826142E192E3FF66 /* Montserrat-LightItalic.ttf */ = {isa = PBXFileReference; explicitFileType = undefined; fileEncoding = undefined; includeInIndex = 0; lastKnownFileType = unknown; name = "Montserrat-LightItalic.ttf"; path = "../src/assets/fonts/Montserrat-LightItalic.ttf"; sourceTree = "<group>"; };
		074150CE18F7416A9B3A4337 /* MontserratAlternates-SemiBold.ttf */ = {isa = PBXFileReference; explicitFileType = undefined; fileEncoding = undefined; includeInIndex = 0; lastKnownFileType = unknown; name = "MontserratAlternates-SemiBold.ttf"; path = "../src/assets/fonts/MontserratAlternates-SemiBold.ttf"; sourceTree = "<group>"; };
		087405E7B79B41F5B8D6820A /* DancingScript-Regular.ttf */ = {isa = PBXFileReference; explicitFileType = undefined; fileEncoding = undefined; includeInIndex = 0; lastKnownFileType = unknown; name = "DancingScript-Regular.ttf"; path = "../src/assets/fonts/DancingScript-Regular.ttf"; sourceTree = "<group>"; };
		0ED10CAD8D214BB999CA0035 /* Montserrat-SemiBold.ttf */ = {isa = PBXFileReference; explicitFileType = undefined; fileEncoding = undefined; includeInIndex = 0; lastKnownFileType = unknown; name = "Montserrat-SemiBold.ttf"; path = "../src/assets/fonts/Montserrat-SemiBold.ttf"; sourceTree = "<group>"; };
		13B07F961A680F5B00A75B9A /* ObjectsCounter.app */ = {isa = PBXFileReference; explicitFileType = wrapper.application; includeInIndex = 0; path = ObjectsCounter.app; sourceTree = BUILT_PRODUCTS_DIR; };
		13B07FAF1A68108700A75B9A /* AppDelegate.h */ = {isa = PBXFileReference; fileEncoding = 4; lastKnownFileType = sourcecode.c.h; name = AppDelegate.h; path = ObjectsCounter/AppDelegate.h; sourceTree = "<group>"; };
		13B07FB01A68108700A75B9A /* AppDelegate.mm */ = {isa = PBXFileReference; fileEncoding = 4; lastKnownFileType = sourcecode.cpp.objcpp; name = AppDelegate.mm; path = ObjectsCounter/AppDelegate.mm; sourceTree = "<group>"; };
		13B07FB51A68108700A75B9A /* Images.xcassets */ = {isa = PBXFileReference; lastKnownFileType = folder.assetcatalog; name = Images.xcassets; path = ObjectsCounter/Images.xcassets; sourceTree = "<group>"; };
		13B07FB61A68108700A75B9A /* Info.plist */ = {isa = PBXFileReference; fileEncoding = 4; lastKnownFileType = text.plist.xml; name = Info.plist; path = ObjectsCounter/Info.plist; sourceTree = "<group>"; };
		13B07FB71A68108700A75B9A /* main.m */ = {isa = PBXFileReference; fileEncoding = 4; lastKnownFileType = sourcecode.c.objc; name = main.m; path = ObjectsCounter/main.m; sourceTree = "<group>"; };
		1812E2C1ED4042E9A37C86A4 /* Caveat-Regular.ttf */ = {isa = PBXFileReference; explicitFileType = undefined; fileEncoding = undefined; includeInIndex = 0; lastKnownFileType = unknown; name = "Caveat-Regular.ttf"; path = "../src/assets/fonts/Caveat-Regular.ttf"; sourceTree = "<group>"; };
		19F6CBCC0A4E27FBF8BF4A61 /* libPods-ObjectsCounter-ObjectsCounterTests.a */ = {isa = PBXFileReference; explicitFileType = archive.ar; includeInIndex = 0; path = "libPods-ObjectsCounter-ObjectsCounterTests.a"; sourceTree = BUILT_PRODUCTS_DIR; };
		1B0CB871A0B147C68EA7C686 /* Pacifico-Regular.ttf */ = {isa = PBXFileReference; explicitFileType = undefined; fileEncoding = undefined; includeInIndex = 0; lastKnownFileType = unknown; name = "Pacifico-Regular.ttf"; path = "../src/assets/fonts/Pacifico-Regular.ttf"; sourceTree = "<group>"; };
		1BCAFBAE85A14C3E801D4525 /* Caveat-SemiBold.ttf */ = {isa = PBXFileReference; explicitFileType = undefined; fileEncoding = undefined; includeInIndex = 0; lastKnownFileType = unknown; name = "Caveat-SemiBold.ttf"; path = "../src/assets/fonts/Caveat-SemiBold.ttf"; sourceTree = "<group>"; };
		1DC760307663495CBCD753C4 /* Oswald-Regular.ttf */ = {isa = PBXFileReference; explicitFileType = undefined; fileEncoding = undefined; includeInIndex = 0; lastKnownFileType = unknown; name = "Oswald-Regular.ttf"; path = "../src/assets/fonts/Oswald-Regular.ttf"; sourceTree = "<group>"; };
		222FCE5384994FA695549385 /* CroissantOne-Regular.ttf */ = {isa = PBXFileReference; explicitFileType = undefined; fileEncoding = undefined; includeInIndex = 0; lastKnownFileType = unknown; name = "CroissantOne-Regular.ttf"; path = "../src/assets/fonts/CroissantOne-Regular.ttf"; sourceTree = "<group>"; };
		24D31E6FF27A428B8E0E6236 /* DancingScript-Medium.ttf */ = {isa = PBXFileReference; explicitFileType = undefined; fileEncoding = undefined; includeInIndex = 0; lastKnownFileType = unknown; name = "DancingScript-Medium.ttf"; path = "../src/assets/fonts/DancingScript-Medium.ttf"; sourceTree = "<group>"; };
		252EB970A122479199F68967 /* Fuggles-Regular.ttf */ = {isa = PBXFileReference; explicitFileType = undefined; fileEncoding = undefined; includeInIndex = 0; lastKnownFileType = unknown; name = "Fuggles-Regular.ttf"; path = "../src/assets/fonts/Fuggles-Regular.ttf"; sourceTree = "<group>"; };
		392EA882D06845F29A635FC6 /* Poppins-Bold.ttf */ = {isa = PBXFileReference; explicitFileType = undefined; fileEncoding = undefined; includeInIndex = 0; lastKnownFileType = unknown; name = "Poppins-Bold.ttf"; path = "../src/assets/fonts/Poppins-Bold.ttf"; sourceTree = "<group>"; };
		3B4392A12AC88292D35C810B /* Pods-ObjectsCounter.debug.xcconfig */ = {isa = PBXFileReference; includeInIndex = 1; lastKnownFileType = text.xcconfig; name = "Pods-ObjectsCounter.debug.xcconfig"; path = "Target Support Files/Pods-ObjectsCounter/Pods-ObjectsCounter.debug.xcconfig"; sourceTree = "<group>"; };
		43D9B1C2077F49CF92A11225 /* Montserrat-Italic.ttf */ = {isa = PBXFileReference; explicitFileType = undefined; fileEncoding = undefined; includeInIndex = 0; lastKnownFileType = unknown; name = "Montserrat-Italic.ttf"; path = "../src/assets/fonts/Montserrat-Italic.ttf"; sourceTree = "<group>"; };
		48F1B39BDE12457A96F777A7 /* Caveat-Medium.ttf */ = {isa = PBXFileReference; explicitFileType = undefined; fileEncoding = undefined; includeInIndex = 0; lastKnownFileType = unknown; name = "Caveat-Medium.ttf"; path = "../src/assets/fonts/Caveat-Medium.ttf"; sourceTree = "<group>"; };
		49DD5D496AA147CCB71950E8 /* PermanentMarker-Regular.ttf */ = {isa = PBXFileReference; explicitFileType = undefined; fileEncoding = undefined; includeInIndex = 0; lastKnownFileType = unknown; name = "PermanentMarker-Regular.ttf"; path = "../src/assets/fonts/PermanentMarker-Regular.ttf"; sourceTree = "<group>"; };
		4FC83A685CD04190AA57F914 /* Caveat-Bold.ttf */ = {isa = PBXFileReference; explicitFileType = undefined; fileEncoding = undefined; includeInIndex = 0; lastKnownFileType = unknown; name = "Caveat-Bold.ttf"; path = "../src/assets/fonts/Caveat-Bold.ttf"; sourceTree = "<group>"; };
		500F6A5D0CBE4350A4A317FA /* Roboto-Regular.ttf */ = {isa = PBXFileReference; explicitFileType = undefined; fileEncoding = undefined; includeInIndex = 0; lastKnownFileType = unknown; name = "Roboto-Regular.ttf"; path = "../src/assets/fonts/Roboto-Regular.ttf"; sourceTree = "<group>"; };
		5110F28FFEA044DC88445BCE /* Montserrat-Regular.ttf */ = {isa = PBXFileReference; explicitFileType = undefined; fileEncoding = undefined; includeInIndex = 0; lastKnownFileType = unknown; name = "Montserrat-Regular.ttf"; path = "../src/assets/fonts/Montserrat-Regular.ttf"; sourceTree = "<group>"; };
		54C3C113BA28448C8D83BA6A /* Montserrat-BoldItalic.ttf */ = {isa = PBXFileReference; explicitFileType = undefined; fileEncoding = undefined; includeInIndex = 0; lastKnownFileType = unknown; name = "Montserrat-BoldItalic.ttf"; path = "../src/assets/fonts/Montserrat-BoldItalic.ttf"; sourceTree = "<group>"; };
		56EBBCA92AEC48828D70B694 /* Oswald-Bold.ttf */ = {isa = PBXFileReference; explicitFileType = undefined; fileEncoding = undefined; includeInIndex = 0; lastKnownFileType = unknown; name = "Oswald-Bold.ttf"; path = "../src/assets/fonts/Oswald-Bold.ttf"; sourceTree = "<group>"; };
		5709B34CF0A7D63546082F79 /* Pods-ObjectsCounter.release.xcconfig */ = {isa = PBXFileReference; includeInIndex = 1; lastKnownFileType = text.xcconfig; name = "Pods-ObjectsCounter.release.xcconfig"; path = "Target Support Files/Pods-ObjectsCounter/Pods-ObjectsCounter.release.xcconfig"; sourceTree = "<group>"; };
		5B7EB9410499542E8C5724F5 /* Pods-ObjectsCounter-ObjectsCounterTests.debug.xcconfig */ = {isa = PBXFileReference; includeInIndex = 1; lastKnownFileType = text.xcconfig; name = "Pods-ObjectsCounter-ObjectsCounterTests.debug.xcconfig"; path = "Target Support Files/Pods-ObjectsCounter-ObjectsCounterTests/Pods-ObjectsCounter-ObjectsCounterTests.debug.xcconfig"; sourceTree = "<group>"; };
		5DCACB8F33CDC322A6C60F78 /* libPods-ObjectsCounter.a */ = {isa = PBXFileReference; explicitFileType = archive.ar; includeInIndex = 0; path = "libPods-ObjectsCounter.a"; sourceTree = BUILT_PRODUCTS_DIR; };
		75405F3BD4B344059CF1E153 /* Montserrat-Bold.ttf */ = {isa = PBXFileReference; explicitFileType = undefined; fileEncoding = undefined; includeInIndex = 0; lastKnownFileType = unknown; name = "Montserrat-Bold.ttf"; path = "../src/assets/fonts/Montserrat-Bold.ttf"; sourceTree = "<group>"; };
		7A82AF5BCB3E4DBB994F7B7E /* IndieFlower-Regular.ttf */ = {isa = PBXFileReference; explicitFileType = undefined; fileEncoding = undefined; includeInIndex = 0; lastKnownFileType = unknown; name = "IndieFlower-Regular.ttf"; path = "../src/assets/fonts/IndieFlower-Regular.ttf"; sourceTree = "<group>"; };
		81AB9BB72411601600AC10FF /* LaunchScreen.storyboard */ = {isa = PBXFileReference; fileEncoding = 4; lastKnownFileType = file.storyboard; name = LaunchScreen.storyboard; path = ObjectsCounter/LaunchScreen.storyboard; sourceTree = "<group>"; };
		81BA6A107C9F4C758265F53C /* DancingScript-Bold.ttf */ = {isa = PBXFileReference; explicitFileType = undefined; fileEncoding = undefined; includeInIndex = 0; lastKnownFileType = unknown; name = "DancingScript-Bold.ttf"; path = "../src/assets/fonts/DancingScript-Bold.ttf"; sourceTree = "<group>"; };
		89C6BE57DB24E9ADA2F236DE /* Pods-ObjectsCounter-ObjectsCounterTests.release.xcconfig */ = {isa = PBXFileReference; includeInIndex = 1; lastKnownFileType = text.xcconfig; name = "Pods-ObjectsCounter-ObjectsCounterTests.release.xcconfig"; path = "Target Support Files/Pods-ObjectsCounter-ObjectsCounterTests/Pods-ObjectsCounter-ObjectsCounterTests.release.xcconfig"; sourceTree = "<group>"; };
		B9658B2ABDBC4AFEACBFE39E /* DancingScript-SemiBold.ttf */ = {isa = PBXFileReference; explicitFileType = undefined; fileEncoding = undefined; includeInIndex = 0; lastKnownFileType = unknown; name = "DancingScript-SemiBold.ttf"; path = "../src/assets/fonts/DancingScript-SemiBold.ttf"; sourceTree = "<group>"; };
		CAA7AF4628284E64A2B9EA9E /* Kenia-Regular.ttf */ = {isa = PBXFileReference; explicitFileType = undefined; fileEncoding = undefined; includeInIndex = 0; lastKnownFileType = unknown; name = "Kenia-Regular.ttf"; path = "../src/assets/fonts/Kenia-Regular.ttf"; sourceTree = "<group>"; };
		D029E6A862174E1F80ADDA3D /* Roboto-ThinItalic.ttf */ = {isa = PBXFileReference; explicitFileType = undefined; fileEncoding = undefined; includeInIndex = 0; lastKnownFileType = unknown; name = "Roboto-ThinItalic.ttf"; path = "../src/assets/fonts/Roboto-ThinItalic.ttf"; sourceTree = "<group>"; };
		E0F455D82900461FBAED8289 /* Oswald-SemiBold.ttf */ = {isa = PBXFileReference; explicitFileType = undefined; fileEncoding = undefined; includeInIndex = 0; lastKnownFileType = unknown; name = "Oswald-SemiBold.ttf"; path = "../src/assets/fonts/Oswald-SemiBold.ttf"; sourceTree = "<group>"; };
		EAD5CED828254ADDBB1F74E4 /* Roboto-Bold.ttf */ = {isa = PBXFileReference; explicitFileType = undefined; fileEncoding = undefined; includeInIndex = 0; lastKnownFileType = unknown; name = "Roboto-Bold.ttf"; path = "../src/assets/fonts/Roboto-Bold.ttf"; sourceTree = "<group>"; };
		ED297162215061F000B7C4FE /* JavaScriptCore.framework */ = {isa = PBXFileReference; lastKnownFileType = wrapper.framework; name = JavaScriptCore.framework; path = System/Library/Frameworks/JavaScriptCore.framework; sourceTree = SDKROOT; };
		F183D2D5C7D74F18A0C4B4DB /* Poppins-Regular.ttf */ = {isa = PBXFileReference; explicitFileType = undefined; fileEncoding = undefined; includeInIndex = 0; lastKnownFileType = unknown; name = "Poppins-Regular.ttf"; path = "../src/assets/fonts/Poppins-Regular.ttf"; sourceTree = "<group>"; };
		F2A4FF776ED34978A12A60F6 /* MontserratAlternates-Regular.ttf */ = {isa = PBXFileReference; explicitFileType = undefined; fileEncoding = undefined; includeInIndex = 0; lastKnownFileType = unknown; name = "MontserratAlternates-Regular.ttf"; path = "../src/assets/fonts/MontserratAlternates-Regular.ttf"; sourceTree = "<group>"; };
		F3C86D0162FC44F1BE959E72 /* TiltNeon-Regular.ttf */ = {isa = PBXFileReference; explicitFileType = undefined; fileEncoding = undefined; includeInIndex = 0; lastKnownFileType = unknown; name = "TiltNeon-Regular.ttf"; path = "../src/assets/fonts/TiltNeon-Regular.ttf"; sourceTree = "<group>"; };
		F9919E6894FB48CEA013D1A3 /* Poppins-SemiBold.ttf */ = {isa = PBXFileReference; explicitFileType = undefined; fileEncoding = undefined; includeInIndex = 0; lastKnownFileType = unknown; name = "Poppins-SemiBold.ttf"; path = "../src/assets/fonts/Poppins-SemiBold.ttf"; sourceTree = "<group>"; };
		FCBF9092EBF94227BAFD78BA /* MontserratAlternates-Italic.ttf */ = {isa = PBXFileReference; explicitFileType = undefined; fileEncoding = undefined; includeInIndex = 0; lastKnownFileType = unknown; name = "MontserratAlternates-Italic.ttf"; path = "../src/assets/fonts/MontserratAlternates-Italic.ttf"; sourceTree = "<group>"; };
/* End PBXFileReference section */

/* Begin PBXFrameworksBuildPhase section */
		00E356EB1AD99517003FC87E /* Frameworks */ = {
			isa = PBXFrameworksBuildPhase;
			buildActionMask = 2147483647;
			files = (
				7699B88040F8A987B510C191 /* libPods-ObjectsCounter-ObjectsCounterTests.a in Frameworks */,
			);
			runOnlyForDeploymentPostprocessing = 0;
		};
		13B07F8C1A680F5B00A75B9A /* Frameworks */ = {
			isa = PBXFrameworksBuildPhase;
			buildActionMask = 2147483647;
			files = (
				0C80B921A6F3F58F76C31292 /* libPods-ObjectsCounter.a in Frameworks */,
			);
			runOnlyForDeploymentPostprocessing = 0;
		};
/* End PBXFrameworksBuildPhase section */

/* Begin PBXGroup section */
		00E356EF1AD99517003FC87E /* ObjectsCounterTests */ = {
			isa = PBXGroup;
			children = (
				00E356F21AD99517003FC87E /* ObjectsCounterTests.m */,
				00E356F01AD99517003FC87E /* Supporting Files */,
			);
			path = ObjectsCounterTests;
			sourceTree = "<group>";
		};
		00E356F01AD99517003FC87E /* Supporting Files */ = {
			isa = PBXGroup;
			children = (
				00E356F11AD99517003FC87E /* Info.plist */,
			);
			name = "Supporting Files";
			sourceTree = "<group>";
		};
		13B07FAE1A68108700A75B9A /* ObjectsCounter */ = {
			isa = PBXGroup;
			children = (
				13B07FAF1A68108700A75B9A /* AppDelegate.h */,
				13B07FB01A68108700A75B9A /* AppDelegate.mm */,
				13B07FB51A68108700A75B9A /* Images.xcassets */,
				13B07FB61A68108700A75B9A /* Info.plist */,
				81AB9BB72411601600AC10FF /* LaunchScreen.storyboard */,
				13B07FB71A68108700A75B9A /* main.m */,
			);
			name = ObjectsCounter;
			sourceTree = "<group>";
		};
		1FE4F26A39B748658ECD6BAD /* Resources */ = {
			isa = PBXGroup;
			children = (
				4FC83A685CD04190AA57F914 /* Caveat-Bold.ttf */,
				48F1B39BDE12457A96F777A7 /* Caveat-Medium.ttf */,
				1812E2C1ED4042E9A37C86A4 /* Caveat-Regular.ttf */,
				1BCAFBAE85A14C3E801D4525 /* Caveat-SemiBold.ttf */,
				222FCE5384994FA695549385 /* CroissantOne-Regular.ttf */,
				81BA6A107C9F4C758265F53C /* DancingScript-Bold.ttf */,
				24D31E6FF27A428B8E0E6236 /* DancingScript-Medium.ttf */,
				087405E7B79B41F5B8D6820A /* DancingScript-Regular.ttf */,
				B9658B2ABDBC4AFEACBFE39E /* DancingScript-SemiBold.ttf */,
				252EB970A122479199F68967 /* Fuggles-Regular.ttf */,
				7A82AF5BCB3E4DBB994F7B7E /* IndieFlower-Regular.ttf */,
				CAA7AF4628284E64A2B9EA9E /* Kenia-Regular.ttf */,
				75405F3BD4B344059CF1E153 /* Montserrat-Bold.ttf */,
				54C3C113BA28448C8D83BA6A /* Montserrat-BoldItalic.ttf */,
				43D9B1C2077F49CF92A11225 /* Montserrat-Italic.ttf */,
				01C9A778826142E192E3FF66 /* Montserrat-LightItalic.ttf */,
				5110F28FFEA044DC88445BCE /* Montserrat-Regular.ttf */,
				0ED10CAD8D214BB999CA0035 /* Montserrat-SemiBold.ttf */,
				FCBF9092EBF94227BAFD78BA /* MontserratAlternates-Italic.ttf */,
				F2A4FF776ED34978A12A60F6 /* MontserratAlternates-Regular.ttf */,
				074150CE18F7416A9B3A4337 /* MontserratAlternates-SemiBold.ttf */,
				56EBBCA92AEC48828D70B694 /* Oswald-Bold.ttf */,
				1DC760307663495CBCD753C4 /* Oswald-Regular.ttf */,
				E0F455D82900461FBAED8289 /* Oswald-SemiBold.ttf */,
				1B0CB871A0B147C68EA7C686 /* Pacifico-Regular.ttf */,
				49DD5D496AA147CCB71950E8 /* PermanentMarker-Regular.ttf */,
				392EA882D06845F29A635FC6 /* Poppins-Bold.ttf */,
				F183D2D5C7D74F18A0C4B4DB /* Poppins-Regular.ttf */,
				F9919E6894FB48CEA013D1A3 /* Poppins-SemiBold.ttf */,
				EAD5CED828254ADDBB1F74E4 /* Roboto-Bold.ttf */,
				500F6A5D0CBE4350A4A317FA /* Roboto-Regular.ttf */,
				D029E6A862174E1F80ADDA3D /* Roboto-ThinItalic.ttf */,
				F3C86D0162FC44F1BE959E72 /* TiltNeon-Regular.ttf */,
			);
			name = Resources;
			path = "";
			sourceTree = "<group>";
		};
		2D16E6871FA4F8E400B85C8A /* Frameworks */ = {
			isa = PBXGroup;
			children = (
				ED297162215061F000B7C4FE /* JavaScriptCore.framework */,
				5DCACB8F33CDC322A6C60F78 /* libPods-ObjectsCounter.a */,
				19F6CBCC0A4E27FBF8BF4A61 /* libPods-ObjectsCounter-ObjectsCounterTests.a */,
			);
			name = Frameworks;
			sourceTree = "<group>";
		};
		832341AE1AAA6A7D00B99B32 /* Libraries */ = {
			isa = PBXGroup;
			children = (
			);
			name = Libraries;
			sourceTree = "<group>";
		};
		83CBB9F61A601CBA00E9B192 = {
			isa = PBXGroup;
			children = (
				13B07FAE1A68108700A75B9A /* ObjectsCounter */,
				832341AE1AAA6A7D00B99B32 /* Libraries */,
				00E356EF1AD99517003FC87E /* ObjectsCounterTests */,
				83CBBA001A601CBA00E9B192 /* Products */,
				2D16E6871FA4F8E400B85C8A /* Frameworks */,
				BBD78D7AC51CEA395F1C20DB /* Pods */,
				1FE4F26A39B748658ECD6BAD /* Resources */,
			);
			indentWidth = 2;
			sourceTree = "<group>";
			tabWidth = 2;
			usesTabs = 0;
		};
		83CBBA001A601CBA00E9B192 /* Products */ = {
			isa = PBXGroup;
			children = (
				13B07F961A680F5B00A75B9A /* ObjectsCounter.app */,
				00E356EE1AD99517003FC87E /* ObjectsCounterTests.xctest */,
			);
			name = Products;
			sourceTree = "<group>";
		};
		BBD78D7AC51CEA395F1C20DB /* Pods */ = {
			isa = PBXGroup;
			children = (
				3B4392A12AC88292D35C810B /* Pods-ObjectsCounter.debug.xcconfig */,
				5709B34CF0A7D63546082F79 /* Pods-ObjectsCounter.release.xcconfig */,
				5B7EB9410499542E8C5724F5 /* Pods-ObjectsCounter-ObjectsCounterTests.debug.xcconfig */,
				89C6BE57DB24E9ADA2F236DE /* Pods-ObjectsCounter-ObjectsCounterTests.release.xcconfig */,
			);
			path = Pods;
			sourceTree = "<group>";
		};
/* End PBXGroup section */

/* Begin PBXNativeTarget section */
		00E356ED1AD99517003FC87E /* ObjectsCounterTests */ = {
			isa = PBXNativeTarget;
			buildConfigurationList = 00E357021AD99517003FC87E /* Build configuration list for PBXNativeTarget "ObjectsCounterTests" */;
			buildPhases = (
				A55EABD7B0C7F3A422A6CC61 /* [CP] Check Pods Manifest.lock */,
				00E356EA1AD99517003FC87E /* Sources */,
				00E356EB1AD99517003FC87E /* Frameworks */,
				00E356EC1AD99517003FC87E /* Resources */,
				C59DA0FBD6956966B86A3779 /* [CP] Embed Pods Frameworks */,
				F6A41C54EA430FDDC6A6ED99 /* [CP] Copy Pods Resources */,
			);
			buildRules = (
			);
			dependencies = (
				00E356F51AD99517003FC87E /* PBXTargetDependency */,
			);
			name = ObjectsCounterTests;
			productName = ObjectsCounterTests;
			productReference = 00E356EE1AD99517003FC87E /* ObjectsCounterTests.xctest */;
			productType = "com.apple.product-type.bundle.unit-test";
		};
		13B07F861A680F5B00A75B9A /* ObjectsCounter */ = {
			isa = PBXNativeTarget;
			buildConfigurationList = 13B07F931A680F5B00A75B9A /* Build configuration list for PBXNativeTarget "ObjectsCounter" */;
			buildPhases = (
				C38B50BA6285516D6DCD4F65 /* [CP] Check Pods Manifest.lock */,
				FD10A7F022414F080027D42C /* Start Packager */,
				13B07F871A680F5B00A75B9A /* Sources */,
				13B07F8C1A680F5B00A75B9A /* Frameworks */,
				13B07F8E1A680F5B00A75B9A /* Resources */,
				00DD1BFF1BD5951E006B06BC /* Bundle React Native code and images */,
				00EEFC60759A1932668264C0 /* [CP] Embed Pods Frameworks */,
				E235C05ADACE081382539298 /* [CP] Copy Pods Resources */,
			);
			buildRules = (
			);
			dependencies = (
			);
			name = ObjectsCounter;
			productName = ObjectsCounter;
			productReference = 13B07F961A680F5B00A75B9A /* ObjectsCounter.app */;
			productType = "com.apple.product-type.application";
		};
/* End PBXNativeTarget section */

/* Begin PBXProject section */
		83CBB9F71A601CBA00E9B192 /* Project object */ = {
			isa = PBXProject;
			attributes = {
				LastUpgradeCheck = 1210;
				TargetAttributes = {
					00E356ED1AD99517003FC87E = {
						CreatedOnToolsVersion = 6.2;
						TestTargetID = 13B07F861A680F5B00A75B9A;
					};
					13B07F861A680F5B00A75B9A = {
						LastSwiftMigration = 1120;
					};
				};
			};
			buildConfigurationList = 83CBB9FA1A601CBA00E9B192 /* Build configuration list for PBXProject "ObjectsCounter" */;
			compatibilityVersion = "Xcode 12.0";
			developmentRegion = en;
			hasScannedForEncodings = 0;
			knownRegions = (
				en,
				Base,
			);
			mainGroup = 83CBB9F61A601CBA00E9B192;
			productRefGroup = 83CBBA001A601CBA00E9B192 /* Products */;
			projectDirPath = "";
			projectRoot = "";
			targets = (
				13B07F861A680F5B00A75B9A /* ObjectsCounter */,
				00E356ED1AD99517003FC87E /* ObjectsCounterTests */,
			);
		};
/* End PBXProject section */

/* Begin PBXResourcesBuildPhase section */
		00E356EC1AD99517003FC87E /* Resources */ = {
			isa = PBXResourcesBuildPhase;
			buildActionMask = 2147483647;
			files = (
			);
			runOnlyForDeploymentPostprocessing = 0;
		};
		13B07F8E1A680F5B00A75B9A /* Resources */ = {
			isa = PBXResourcesBuildPhase;
			buildActionMask = 2147483647;
			files = (
				81AB9BB82411601600AC10FF /* LaunchScreen.storyboard in Resources */,
				13B07FBF1A68108700A75B9A /* Images.xcassets in Resources */,
				A577AA9C7BF340ED9F41851F /* Caveat-Bold.ttf in Resources */,
				3E68297C9A0747B7A323F857 /* Caveat-Medium.ttf in Resources */,
				172706A5174742E9BBB622BC /* Caveat-Regular.ttf in Resources */,
				D63DC2AFB0204DEC9A80E7CE /* Caveat-SemiBold.ttf in Resources */,
				9437E32BE344437CB84FBC43 /* CroissantOne-Regular.ttf in Resources */,
				572F800790C545CDA549D593 /* DancingScript-Bold.ttf in Resources */,
				D6D55C826EBC4211BBA48EA3 /* DancingScript-Medium.ttf in Resources */,
				6A346AD4638943D6AD0C4F26 /* DancingScript-Regular.ttf in Resources */,
				1A91BD5A3B954F90B6A2E849 /* DancingScript-SemiBold.ttf in Resources */,
				D9860668EAF44ADFA4975E04 /* Fuggles-Regular.ttf in Resources */,
				28ADDDB3BE7C457FA050141A /* IndieFlower-Regular.ttf in Resources */,
				E96EC95FCD3146CF9F3A4A4A /* Kenia-Regular.ttf in Resources */,
				4F00D79580D448EC9D99BEB6 /* Montserrat-Bold.ttf in Resources */,
				FB1D2FFE9C264747B22E88AB /* Montserrat-BoldItalic.ttf in Resources */,
				E0A348775A9E44AF8CB96B13 /* Montserrat-Italic.ttf in Resources */,
				A7EBBEFA0DB2490DBD4880BF /* Montserrat-LightItalic.ttf in Resources */,
				65E2D9FE43EB41F0995019CE /* Montserrat-Regular.ttf in Resources */,
				191E6A1E7A19469CAA5A8B31 /* Montserrat-SemiBold.ttf in Resources */,
				75B51F8ADE454EB3AA11BD4B /* MontserratAlternates-Italic.ttf in Resources */,
				E56CC085ECD64997BC7BFC70 /* MontserratAlternates-Regular.ttf in Resources */,
				BED96BE9FD044446A9F7375A /* MontserratAlternates-SemiBold.ttf in Resources */,
				AB076199E4C5461DBA26DC2C /* Oswald-Bold.ttf in Resources */,
				A0BF2C5E268B4369B1BC7B3C /* Oswald-Regular.ttf in Resources */,
				96AB7D8F50604D2BB2292AD6 /* Oswald-SemiBold.ttf in Resources */,
				7C6A45A55B0C4750931CE6C3 /* Pacifico-Regular.ttf in Resources */,
				72DFA3DBAE104A4982A9E837 /* PermanentMarker-Regular.ttf in Resources */,
				22EFC9C766CF413D9EC8418E /* Poppins-Bold.ttf in Resources */,
				C088964FF1314FCF9A69D714 /* Poppins-Regular.ttf in Resources */,
				663CA0CFE1CF4B58AEBEF6B2 /* Poppins-SemiBold.ttf in Resources */,
				5426C9BBA6A046FD856DF80F /* Roboto-Bold.ttf in Resources */,
				707C985B60164CC787D53CC5 /* Roboto-Regular.ttf in Resources */,
				BABD95602A9B4DC38C26CDCC /* Roboto-ThinItalic.ttf in Resources */,
				487751CF530B4FD0AD49CEDC /* TiltNeon-Regular.ttf in Resources */,
			);
			runOnlyForDeploymentPostprocessing = 0;
		};
/* End PBXResourcesBuildPhase section */

/* Begin PBXShellScriptBuildPhase section */
		00DD1BFF1BD5951E006B06BC /* Bundle React Native code and images */ = {
			isa = PBXShellScriptBuildPhase;
			buildActionMask = 2147483647;
			files = (
			);
			inputPaths = (
				"$(SRCROOT)/.xcode.env.local",
				"$(SRCROOT)/.xcode.env",
			);
			name = "Bundle React Native code and images";
			outputPaths = (
			);
			runOnlyForDeploymentPostprocessing = 0;
			shellPath = /bin/sh;
			shellScript = "set -e\n\nWITH_ENVIRONMENT=\"../node_modules/react-native/scripts/xcode/with-environment.sh\"\nREACT_NATIVE_XCODE=\"../node_modules/react-native/scripts/react-native-xcode.sh\"\n\n/bin/sh -c \"$WITH_ENVIRONMENT $REACT_NATIVE_XCODE\"\n";
		};
		00EEFC60759A1932668264C0 /* [CP] Embed Pods Frameworks */ = {
			isa = PBXShellScriptBuildPhase;
			buildActionMask = 2147483647;
			files = (
			);
			inputFileListPaths = (
				"${PODS_ROOT}/Target Support Files/Pods-ObjectsCounter/Pods-ObjectsCounter-frameworks-${CONFIGURATION}-input-files.xcfilelist",
			);
			name = "[CP] Embed Pods Frameworks";
			outputFileListPaths = (
				"${PODS_ROOT}/Target Support Files/Pods-ObjectsCounter/Pods-ObjectsCounter-frameworks-${CONFIGURATION}-output-files.xcfilelist",
			);
			runOnlyForDeploymentPostprocessing = 0;
			shellPath = /bin/sh;
			shellScript = "\"${PODS_ROOT}/Target Support Files/Pods-ObjectsCounter/Pods-ObjectsCounter-frameworks.sh\"\n";
			showEnvVarsInLog = 0;
		};
		A55EABD7B0C7F3A422A6CC61 /* [CP] Check Pods Manifest.lock */ = {
			isa = PBXShellScriptBuildPhase;
			buildActionMask = 2147483647;
			files = (
			);
			inputFileListPaths = (
			);
			inputPaths = (
				"${PODS_PODFILE_DIR_PATH}/Podfile.lock",
				"${PODS_ROOT}/Manifest.lock",
			);
			name = "[CP] Check Pods Manifest.lock";
			outputFileListPaths = (
			);
			outputPaths = (
				"$(DERIVED_FILE_DIR)/Pods-ObjectsCounter-ObjectsCounterTests-checkManifestLockResult.txt",
			);
			runOnlyForDeploymentPostprocessing = 0;
			shellPath = /bin/sh;
			shellScript = "diff \"${PODS_PODFILE_DIR_PATH}/Podfile.lock\" \"${PODS_ROOT}/Manifest.lock\" > /dev/null\nif [ $? != 0 ] ; then\n    # print error to STDERR\n    echo \"error: The sandbox is not in sync with the Podfile.lock. Run 'pod install' or update your CocoaPods installation.\" >&2\n    exit 1\nfi\n# This output is used by Xcode 'outputs' to avoid re-running this script phase.\necho \"SUCCESS\" > \"${SCRIPT_OUTPUT_FILE_0}\"\n";
			showEnvVarsInLog = 0;
		};
		C38B50BA6285516D6DCD4F65 /* [CP] Check Pods Manifest.lock */ = {
			isa = PBXShellScriptBuildPhase;
			buildActionMask = 2147483647;
			files = (
			);
			inputFileListPaths = (
			);
			inputPaths = (
				"${PODS_PODFILE_DIR_PATH}/Podfile.lock",
				"${PODS_ROOT}/Manifest.lock",
			);
			name = "[CP] Check Pods Manifest.lock";
			outputFileListPaths = (
			);
			outputPaths = (
				"$(DERIVED_FILE_DIR)/Pods-ObjectsCounter-checkManifestLockResult.txt",
			);
			runOnlyForDeploymentPostprocessing = 0;
			shellPath = /bin/sh;
			shellScript = "diff \"${PODS_PODFILE_DIR_PATH}/Podfile.lock\" \"${PODS_ROOT}/Manifest.lock\" > /dev/null\nif [ $? != 0 ] ; then\n    # print error to STDERR\n    echo \"error: The sandbox is not in sync with the Podfile.lock. Run 'pod install' or update your CocoaPods installation.\" >&2\n    exit 1\nfi\n# This output is used by Xcode 'outputs' to avoid re-running this script phase.\necho \"SUCCESS\" > \"${SCRIPT_OUTPUT_FILE_0}\"\n";
			showEnvVarsInLog = 0;
		};
		C59DA0FBD6956966B86A3779 /* [CP] Embed Pods Frameworks */ = {
			isa = PBXShellScriptBuildPhase;
			buildActionMask = 2147483647;
			files = (
			);
			inputFileListPaths = (
				"${PODS_ROOT}/Target Support Files/Pods-ObjectsCounter-ObjectsCounterTests/Pods-ObjectsCounter-ObjectsCounterTests-frameworks-${CONFIGURATION}-input-files.xcfilelist",
			);
			name = "[CP] Embed Pods Frameworks";
			outputFileListPaths = (
				"${PODS_ROOT}/Target Support Files/Pods-ObjectsCounter-ObjectsCounterTests/Pods-ObjectsCounter-ObjectsCounterTests-frameworks-${CONFIGURATION}-output-files.xcfilelist",
			);
			runOnlyForDeploymentPostprocessing = 0;
			shellPath = /bin/sh;
			shellScript = "\"${PODS_ROOT}/Target Support Files/Pods-ObjectsCounter-ObjectsCounterTests/Pods-ObjectsCounter-ObjectsCounterTests-frameworks.sh\"\n";
			showEnvVarsInLog = 0;
		};
		E235C05ADACE081382539298 /* [CP] Copy Pods Resources */ = {
			isa = PBXShellScriptBuildPhase;
			buildActionMask = 2147483647;
			files = (
			);
			inputFileListPaths = (
				"${PODS_ROOT}/Target Support Files/Pods-ObjectsCounter/Pods-ObjectsCounter-resources-${CONFIGURATION}-input-files.xcfilelist",
			);
			name = "[CP] Copy Pods Resources";
			outputFileListPaths = (
				"${PODS_ROOT}/Target Support Files/Pods-ObjectsCounter/Pods-ObjectsCounter-resources-${CONFIGURATION}-output-files.xcfilelist",
			);
			runOnlyForDeploymentPostprocessing = 0;
			shellPath = /bin/sh;
			shellScript = "\"${PODS_ROOT}/Target Support Files/Pods-ObjectsCounter/Pods-ObjectsCounter-resources.sh\"\n";
			showEnvVarsInLog = 0;
		};
		F6A41C54EA430FDDC6A6ED99 /* [CP] Copy Pods Resources */ = {
			isa = PBXShellScriptBuildPhase;
			buildActionMask = 2147483647;
			files = (
			);
			inputFileListPaths = (
				"${PODS_ROOT}/Target Support Files/Pods-ObjectsCounter-ObjectsCounterTests/Pods-ObjectsCounter-ObjectsCounterTests-resources-${CONFIGURATION}-input-files.xcfilelist",
			);
			name = "[CP] Copy Pods Resources";
			outputFileListPaths = (
				"${PODS_ROOT}/Target Support Files/Pods-ObjectsCounter-ObjectsCounterTests/Pods-ObjectsCounter-ObjectsCounterTests-resources-${CONFIGURATION}-output-files.xcfilelist",
			);
			runOnlyForDeploymentPostprocessing = 0;
			shellPath = /bin/sh;
			shellScript = "\"${PODS_ROOT}/Target Support Files/Pods-ObjectsCounter-ObjectsCounterTests/Pods-ObjectsCounter-ObjectsCounterTests-resources.sh\"\n";
			showEnvVarsInLog = 0;
		};
		FD10A7F022414F080027D42C /* Start Packager */ = {
			isa = PBXShellScriptBuildPhase;
			buildActionMask = 2147483647;
			files = (
			);
			inputFileListPaths = (
			);
			inputPaths = (
			);
			name = "Start Packager";
			outputFileListPaths = (
			);
			outputPaths = (
			);
			runOnlyForDeploymentPostprocessing = 0;
			shellPath = /bin/sh;
			shellScript = "export RCT_METRO_PORT=\"${RCT_METRO_PORT:=8081}\"\necho \"export RCT_METRO_PORT=${RCT_METRO_PORT}\" > \"${SRCROOT}/../node_modules/react-native/scripts/.packager.env\"\nif [ -z \"${RCT_NO_LAUNCH_PACKAGER+xxx}\" ] ; then\n  if nc -w 5 -z localhost ${RCT_METRO_PORT} ; then\n    if ! curl -s \"http://localhost:${RCT_METRO_PORT}/status\" | grep -q \"packager-status:running\" ; then\n      echo \"Port ${RCT_METRO_PORT} already in use, packager is either not running or not running correctly\"\n      exit 2\n    fi\n  else\n    open \"$SRCROOT/../node_modules/react-native/scripts/launchPackager.command\" || echo \"Can't start packager automatically\"\n  fi\nfi\n";
			showEnvVarsInLog = 0;
		};
/* End PBXShellScriptBuildPhase section */

/* Begin PBXSourcesBuildPhase section */
		00E356EA1AD99517003FC87E /* Sources */ = {
			isa = PBXSourcesBuildPhase;
			buildActionMask = 2147483647;
			files = (
				00E356F31AD99517003FC87E /* ObjectsCounterTests.m in Sources */,
			);
			runOnlyForDeploymentPostprocessing = 0;
		};
		13B07F871A680F5B00A75B9A /* Sources */ = {
			isa = PBXSourcesBuildPhase;
			buildActionMask = 2147483647;
			files = (
				13B07FBC1A68108700A75B9A /* AppDelegate.mm in Sources */,
				13B07FC11A68108700A75B9A /* main.m in Sources */,
			);
			runOnlyForDeploymentPostprocessing = 0;
		};
/* End PBXSourcesBuildPhase section */

/* Begin PBXTargetDependency section */
		00E356F51AD99517003FC87E /* PBXTargetDependency */ = {
			isa = PBXTargetDependency;
			target = 13B07F861A680F5B00A75B9A /* ObjectsCounter */;
			targetProxy = 00E356F41AD99517003FC87E /* PBXContainerItemProxy */;
		};
/* End PBXTargetDependency section */

/* Begin XCBuildConfiguration section */
		00E356F61AD99517003FC87E /* Debug */ = {
			isa = XCBuildConfiguration;
			baseConfigurationReference = 5B7EB9410499542E8C5724F5 /* Pods-ObjectsCounter-ObjectsCounterTests.debug.xcconfig */;
			buildSettings = {
				BUNDLE_LOADER = "$(TEST_HOST)";
				GCC_PREPROCESSOR_DEFINITIONS = (
					"DEBUG=1",
					"$(inherited)",
				);
				INFOPLIST_FILE = ObjectsCounterTests/Info.plist;
				IPHONEOS_DEPLOYMENT_TARGET = 12.4;
				LD_RUNPATH_SEARCH_PATHS = (
					"$(inherited)",
					"@executable_path/Frameworks",
					"@loader_path/Frameworks",
				);
				OTHER_LDFLAGS = (
					"-ObjC",
					"-lc++",
					"$(inherited)",
				);
				PRODUCT_BUNDLE_IDENTIFIER = "org.reactjs.native.example.$(PRODUCT_NAME:rfc1034identifier)";
				PRODUCT_NAME = "$(TARGET_NAME)";
				TEST_HOST = "$(BUILT_PRODUCTS_DIR)/ObjectsCounter.app/ObjectsCounter";
			};
			name = Debug;
		};
		00E356F71AD99517003FC87E /* Release */ = {
			isa = XCBuildConfiguration;
			baseConfigurationReference = 89C6BE57DB24E9ADA2F236DE /* Pods-ObjectsCounter-ObjectsCounterTests.release.xcconfig */;
			buildSettings = {
				BUNDLE_LOADER = "$(TEST_HOST)";
				COPY_PHASE_STRIP = NO;
				INFOPLIST_FILE = ObjectsCounterTests/Info.plist;
				IPHONEOS_DEPLOYMENT_TARGET = 12.4;
				LD_RUNPATH_SEARCH_PATHS = (
					"$(inherited)",
					"@executable_path/Frameworks",
					"@loader_path/Frameworks",
				);
				OTHER_LDFLAGS = (
					"-ObjC",
					"-lc++",
					"$(inherited)",
				);
				PRODUCT_BUNDLE_IDENTIFIER = "org.reactjs.native.example.$(PRODUCT_NAME:rfc1034identifier)";
				PRODUCT_NAME = "$(TARGET_NAME)";
				TEST_HOST = "$(BUILT_PRODUCTS_DIR)/ObjectsCounter.app/ObjectsCounter";
			};
			name = Release;
		};
		13B07F941A680F5B00A75B9A /* Debug */ = {
			isa = XCBuildConfiguration;
			baseConfigurationReference = 3B4392A12AC88292D35C810B /* Pods-ObjectsCounter.debug.xcconfig */;
			buildSettings = {
				ASSETCATALOG_COMPILER_APPICON_NAME = AppIcon;
				CLANG_ENABLE_MODULES = YES;
				CURRENT_PROJECT_VERSION = 1;
				ENABLE_BITCODE = NO;
				INFOPLIST_FILE = ObjectsCounter/Info.plist;
				LD_RUNPATH_SEARCH_PATHS = (
					"$(inherited)",
					"@executable_path/Frameworks",
				);
				MARKETING_VERSION = 1.0;
				OTHER_LDFLAGS = (
					"$(inherited)",
					"-ObjC",
					"-lc++",
				);
				PRODUCT_BUNDLE_IDENTIFIER = "org.reactjs.native.example.$(PRODUCT_NAME:rfc1034identifier)";
				PRODUCT_NAME = ObjectsCounter;
				SWIFT_OPTIMIZATION_LEVEL = "-Onone";
				SWIFT_VERSION = 5.0;
				VERSIONING_SYSTEM = "apple-generic";
			};
			name = Debug;
		};
		13B07F951A680F5B00A75B9A /* Release */ = {
			isa = XCBuildConfiguration;
			baseConfigurationReference = 5709B34CF0A7D63546082F79 /* Pods-ObjectsCounter.release.xcconfig */;
			buildSettings = {
				ASSETCATALOG_COMPILER_APPICON_NAME = AppIcon;
				CLANG_ENABLE_MODULES = YES;
				CURRENT_PROJECT_VERSION = 1;
				INFOPLIST_FILE = ObjectsCounter/Info.plist;
				LD_RUNPATH_SEARCH_PATHS = (
					"$(inherited)",
					"@executable_path/Frameworks",
				);
				MARKETING_VERSION = 1.0;
				OTHER_LDFLAGS = (
					"$(inherited)",
					"-ObjC",
					"-lc++",
				);
				PRODUCT_BUNDLE_IDENTIFIER = "org.reactjs.native.example.$(PRODUCT_NAME:rfc1034identifier)";
				PRODUCT_NAME = ObjectsCounter;
				SWIFT_VERSION = 5.0;
				VERSIONING_SYSTEM = "apple-generic";
			};
			name = Release;
		};
		83CBBA201A601CBA00E9B192 /* Debug */ = {
			isa = XCBuildConfiguration;
			buildSettings = {
				ALWAYS_SEARCH_USER_PATHS = NO;
				CLANG_ANALYZER_LOCALIZABILITY_NONLOCALIZED = YES;
				CLANG_CXX_LANGUAGE_STANDARD = "c++17";
				CLANG_CXX_LIBRARY = "libc++";
				CLANG_ENABLE_MODULES = YES;
				CLANG_ENABLE_OBJC_ARC = YES;
				CLANG_WARN_BLOCK_CAPTURE_AUTORELEASING = YES;
				CLANG_WARN_BOOL_CONVERSION = YES;
				CLANG_WARN_COMMA = YES;
				CLANG_WARN_CONSTANT_CONVERSION = YES;
				CLANG_WARN_DEPRECATED_OBJC_IMPLEMENTATIONS = YES;
				CLANG_WARN_DIRECT_OBJC_ISA_USAGE = YES_ERROR;
				CLANG_WARN_EMPTY_BODY = YES;
				CLANG_WARN_ENUM_CONVERSION = YES;
				CLANG_WARN_INFINITE_RECURSION = YES;
				CLANG_WARN_INT_CONVERSION = YES;
				CLANG_WARN_NON_LITERAL_NULL_CONVERSION = YES;
				CLANG_WARN_OBJC_IMPLICIT_RETAIN_SELF = YES;
				CLANG_WARN_OBJC_LITERAL_CONVERSION = YES;
				CLANG_WARN_OBJC_ROOT_CLASS = YES_ERROR;
				CLANG_WARN_QUOTED_INCLUDE_IN_FRAMEWORK_HEADER = YES;
				CLANG_WARN_RANGE_LOOP_ANALYSIS = YES;
				CLANG_WARN_STRICT_PROTOTYPES = YES;
				CLANG_WARN_SUSPICIOUS_MOVE = YES;
				CLANG_WARN_UNREACHABLE_CODE = YES;
				CLANG_WARN__DUPLICATE_METHOD_MATCH = YES;
				"CODE_SIGN_IDENTITY[sdk=iphoneos*]" = "iPhone Developer";
				COPY_PHASE_STRIP = NO;
				ENABLE_STRICT_OBJC_MSGSEND = YES;
				ENABLE_TESTABILITY = YES;
				"EXCLUDED_ARCHS[sdk=iphonesimulator*]" = i386;
				GCC_C_LANGUAGE_STANDARD = gnu99;
				GCC_DYNAMIC_NO_PIC = NO;
				GCC_NO_COMMON_BLOCKS = YES;
				GCC_OPTIMIZATION_LEVEL = 0;
				GCC_PREPROCESSOR_DEFINITIONS = (
					"DEBUG=1",
					"$(inherited)",
				);
				GCC_SYMBOLS_PRIVATE_EXTERN = NO;
				GCC_WARN_64_TO_32_BIT_CONVERSION = YES;
				GCC_WARN_ABOUT_RETURN_TYPE = YES_ERROR;
				GCC_WARN_UNDECLARED_SELECTOR = YES;
				GCC_WARN_UNINITIALIZED_AUTOS = YES_AGGRESSIVE;
				GCC_WARN_UNUSED_FUNCTION = YES;
				GCC_WARN_UNUSED_VARIABLE = YES;
				IPHONEOS_DEPLOYMENT_TARGET = 12.4;
				LD_RUNPATH_SEARCH_PATHS = (
					/usr/lib/swift,
					"$(inherited)",
				);
				LIBRARY_SEARCH_PATHS = (
					"\"$(SDKROOT)/usr/lib/swift\"",
					"\"$(TOOLCHAIN_DIR)/usr/lib/swift/$(PLATFORM_NAME)\"",
					"\"$(inherited)\"",
				);
				MTL_ENABLE_DEBUG_INFO = YES;
				ONLY_ACTIVE_ARCH = YES;
				OTHER_CFLAGS = "$(inherited)";
				OTHER_CPLUSPLUSFLAGS = (
					"$(OTHER_CFLAGS)",
					"-DFOLLY_NO_CONFIG",
					"-DFOLLY_MOBILE=1",
					"-DFOLLY_USE_LIBCPP=1",
				);
				REACT_NATIVE_PATH = "${PODS_ROOT}/../../node_modules/react-native";
				SDKROOT = iphoneos;
			};
			name = Debug;
		};
		83CBBA211A601CBA00E9B192 /* Release */ = {
			isa = XCBuildConfiguration;
			buildSettings = {
				ALWAYS_SEARCH_USER_PATHS = NO;
				CLANG_ANALYZER_LOCALIZABILITY_NONLOCALIZED = YES;
				CLANG_CXX_LANGUAGE_STANDARD = "c++17";
				CLANG_CXX_LIBRARY = "libc++";
				CLANG_ENABLE_MODULES = YES;
				CLANG_ENABLE_OBJC_ARC = YES;
				CLANG_WARN_BLOCK_CAPTURE_AUTORELEASING = YES;
				CLANG_WARN_BOOL_CONVERSION = YES;
				CLANG_WARN_COMMA = YES;
				CLANG_WARN_CONSTANT_CONVERSION = YES;
				CLANG_WARN_DEPRECATED_OBJC_IMPLEMENTATIONS = YES;
				CLANG_WARN_DIRECT_OBJC_ISA_USAGE = YES_ERROR;
				CLANG_WARN_EMPTY_BODY = YES;
				CLANG_WARN_ENUM_CONVERSION = YES;
				CLANG_WARN_INFINITE_RECURSION = YES;
				CLANG_WARN_INT_CONVERSION = YES;
				CLANG_WARN_NON_LITERAL_NULL_CONVERSION = YES;
				CLANG_WARN_OBJC_IMPLICIT_RETAIN_SELF = YES;
				CLANG_WARN_OBJC_LITERAL_CONVERSION = YES;
				CLANG_WARN_OBJC_ROOT_CLASS = YES_ERROR;
				CLANG_WARN_QUOTED_INCLUDE_IN_FRAMEWORK_HEADER = YES;
				CLANG_WARN_RANGE_LOOP_ANALYSIS = YES;
				CLANG_WARN_STRICT_PROTOTYPES = YES;
				CLANG_WARN_SUSPICIOUS_MOVE = YES;
				CLANG_WARN_UNREACHABLE_CODE = YES;
				CLANG_WARN__DUPLICATE_METHOD_MATCH = YES;
				"CODE_SIGN_IDENTITY[sdk=iphoneos*]" = "iPhone Developer";
				COPY_PHASE_STRIP = YES;
				ENABLE_NS_ASSERTIONS = NO;
				ENABLE_STRICT_OBJC_MSGSEND = YES;
				"EXCLUDED_ARCHS[sdk=iphonesimulator*]" = i386;
				GCC_C_LANGUAGE_STANDARD = gnu99;
				GCC_NO_COMMON_BLOCKS = YES;
				GCC_WARN_64_TO_32_BIT_CONVERSION = YES;
				GCC_WARN_ABOUT_RETURN_TYPE = YES_ERROR;
				GCC_WARN_UNDECLARED_SELECTOR = YES;
				GCC_WARN_UNINITIALIZED_AUTOS = YES_AGGRESSIVE;
				GCC_WARN_UNUSED_FUNCTION = YES;
				GCC_WARN_UNUSED_VARIABLE = YES;
				IPHONEOS_DEPLOYMENT_TARGET = 12.4;
				LD_RUNPATH_SEARCH_PATHS = (
					/usr/lib/swift,
					"$(inherited)",
				);
				LIBRARY_SEARCH_PATHS = (
					"\"$(SDKROOT)/usr/lib/swift\"",
					"\"$(TOOLCHAIN_DIR)/usr/lib/swift/$(PLATFORM_NAME)\"",
					"\"$(inherited)\"",
				);
				MTL_ENABLE_DEBUG_INFO = NO;
				OTHER_CFLAGS = "$(inherited)";
				OTHER_CPLUSPLUSFLAGS = (
					"$(OTHER_CFLAGS)",
					"-DFOLLY_NO_CONFIG",
					"-DFOLLY_MOBILE=1",
					"-DFOLLY_USE_LIBCPP=1",
				);
				REACT_NATIVE_PATH = "${PODS_ROOT}/../../node_modules/react-native";
				SDKROOT = iphoneos;
				VALIDATE_PRODUCT = YES;
			};
			name = Release;
		};
/* End XCBuildConfiguration section */

/* Begin XCConfigurationList section */
		00E357021AD99517003FC87E /* Build configuration list for PBXNativeTarget "ObjectsCounterTests" */ = {
			isa = XCConfigurationList;
			buildConfigurations = (
				00E356F61AD99517003FC87E /* Debug */,
				00E356F71AD99517003FC87E /* Release */,
			);
			defaultConfigurationIsVisible = 0;
			defaultConfigurationName = Release;
		};
		13B07F931A680F5B00A75B9A /* Build configuration list for PBXNativeTarget "ObjectsCounter" */ = {
			isa = XCConfigurationList;
			buildConfigurations = (
				13B07F941A680F5B00A75B9A /* Debug */,
				13B07F951A680F5B00A75B9A /* Release */,
			);
			defaultConfigurationIsVisible = 0;
			defaultConfigurationName = Release;
		};
		83CBB9FA1A601CBA00E9B192 /* Build configuration list for PBXProject "ObjectsCounter" */ = {
			isa = XCConfigurationList;
			buildConfigurations = (
				83CBBA201A601CBA00E9B192 /* Debug */,
				83CBBA211A601CBA00E9B192 /* Release */,
			);
			defaultConfigurationIsVisible = 0;
			defaultConfigurationName = Release;
		};
/* End XCConfigurationList section */
	};
	rootObject = 83CBB9F71A601CBA00E9B192 /* Project object */;
}
